
Microsoft Visual Studio Solution File, Format Version 12.00
# Visual Studio 15
VisualStudioVersion = 15.0.27130.2036
MinimumVisualStudioVersion = 10.0.40219.1
Project("{FAE04EC0-301F-11D3-BF4B-00C04F79EFBC}") = "Employees", "Employees\Employees.csproj", "{05B0D82F-0831-4907-AAEC-5848C3B25B31}"
EndProject
Global
	GlobalSection(SolutionConfigurationPlatforms) = preSolution
		Debug|Any CPU = Debug|Any CPU
		Release|Any CPU = Release|Any CPU
	EndGlobalSection
	GlobalSection(ProjectConfigurationPlatforms) = postSolution
		{05B0D82F-0831-4907-AAEC-5848C3B25B31}.Debug|Any CPU.ActiveCfg = Debug|Any CPU
		{05B0D82F-0831-4907-AAEC-5848C3B25B31}.Debug|Any CPU.Build.0 = Debug|Any CPU
		{05B0D82F-0831-4907-AAEC-5848C3B25B31}.Release|Any CPU.ActiveCfg = Release|Any CPU
		{05B0D82F-0831-4907-AAEC-5848C3B25B31}.Release|Any CPU.Build.0 = Release|Any CPU
	EndGlobalSection
	GlobalSection(SolutionProperties) = preSolution
		HideSolutionNode = FALSE
	EndGlobalSection
	GlobalSection(ExtensibilityGlobals) = postSolution
		SolutionGuid = {5A6A5E0A-5D80-4CE9-AE48-0FFFCBD43FB3}
	EndGlobalSection
EndGlobal
